Microsoft Visual Studio Solution File, Format Version 11.00
# Visual Studio 2008

Project("{CCD220C4-C604-D797-2482-5F2F3AD48A2D}") = "ParentApp", "Assembly-CSharp.csproj", "{1494FFA1-1D9B-4259-0B0C-2F07F06F98E8}"
EndProject
Project("{CCD220C4-C604-D797-2482-5F2F3AD48A2D}") = "ParentApp", "Assembly-CSharp-Editor.csproj", "{3F7F5BEA-CA22-0E46-2201-A9CD5CCDAA76}"
EndProject
Global
	GlobalSection(SolutionConfigurationPlatforms) = preSolution
		Debug|Any CPU = Debug|Any CPU
		Release|Any CPU = Release|Any CPU
	EndGlobalSection
	GlobalSection(ProjectConfigurationPlatforms) = postSolution
		{1494FFA1-1D9B-4259-0B0C-2F07F06F98E8}.Debug|Any CPU.ActiveCfg = Debug|Any CPU
		{1494FFA1-1D9B-4259-0B0C-2F07F06F98E8}.Debug|Any CPU.Build.0 = Debug|Any CPU
		{1494FFA1-1D9B-4259-0B0C-2F07F06F98E8}.Release|Any CPU.ActiveCfg = Release|Any CPU
		{1494FFA1-1D9B-4259-0B0C-2F07F06F98E8}.Release|Any CPU.Build.0 = Release|Any CPU
		{3F7F5BEA-CA22-0E46-2201-A9CD5CCDAA76}.Debug|Any CPU.ActiveCfg = Debug|Any CPU
		{3F7F5BEA-CA22-0E46-2201-A9CD5CCDAA76}.Debug|Any CPU.Build.0 = Debug|Any CPU
		{3F7F5BEA-CA22-0E46-2201-A9CD5CCDAA76}.Release|Any CPU.ActiveCfg = Release|Any CPU
		{3F7F5BEA-CA22-0E46-2201-A9CD5CCDAA76}.Release|Any CPU.Build.0 = Release|Any CPU
	EndGlobalSection
	GlobalSection(SolutionProperties) = preSolution
		HideSolutionNode = FALSE
	EndGlobalSection
	GlobalSection(MonoDevelopProperties) = preSolution
		StartupItem = Assembly-CSharp.csproj
	EndGlobalSection
EndGlobal
